
Microsoft Visual Studio Solution File, Format Version 12.00
# Visual Studio 2013
VisualStudioVersion = 12.0.21005.1
MinimumVisualStudioVersion = 10.0.40219.1
Project("{FAE04EC0-301F-11D3-BF4B-00C04F79EFBC}") = "ConvNetCS", "ConvNetCS\ConvNetCS.csproj", "{23C3E737-EC14-4500-A608-A54ADA51D6C1}"
EndProject
Project("{FAE04EC0-301F-11D3-BF4B-00C04F79EFBC}") = "DeepQLearnExample", "DeepQLearnExample\DeepQLearnExample.csproj", "{B6D8BBCE-2AE9-4B9D-900D-176FA5D2BC8B}"
EndProject
Project("{FAE04EC0-301F-11D3-BF4B-00C04F79EFBC}") = "DrawImageExample", "DrawImageExample\DrawImageExample.csproj", "{ABADD52A-0CFE-4E2C-AA3E-754890D67A46}"
EndProject
Project("{FAE04EC0-301F-11D3-BF4B-00C04F79EFBC}") = "ConvNetExample", "ConvNetExample\ConvNetExample.csproj", "{B3F827F4-AF8B-4CC3-AC69-4A866A747FB4}"
EndProject
Project("{2150E333-8FDC-42A3-9474-1A3956D46DE8}") = "Solution Items", "Solution Items", "{ED4D57D3-7A3D-4948-8E5F-98FC8A82AC6B}"
	ProjectSection(SolutionItems) = preProject
		Readme.txt = Readme.txt
	EndProjectSection
EndProject
Global
	GlobalSection(SolutionConfigurationPlatforms) = preSolution
		Debug|Any CPU = Debug|Any CPU
		Release|Any CPU = Release|Any CPU
	EndGlobalSection
	GlobalSection(ProjectConfigurationPlatforms) = postSolution
		{23C3E737-EC14-4500-A608-A54ADA51D6C1}.Debug|Any CPU.ActiveCfg = Debug|Any CPU
		{23C3E737-EC14-4500-A608-A54ADA51D6C1}.Debug|Any CPU.Build.0 = Debug|Any CPU
		{23C3E737-EC14-4500-A608-A54ADA51D6C1}.Release|Any CPU.ActiveCfg = Release|Any CPU
		{23C3E737-EC14-4500-A608-A54ADA51D6C1}.Release|Any CPU.Build.0 = Release|Any CPU
		{B6D8BBCE-2AE9-4B9D-900D-176FA5D2BC8B}.Debug|Any CPU.ActiveCfg = Debug|Any CPU
		{B6D8BBCE-2AE9-4B9D-900D-176FA5D2BC8B}.Debug|Any CPU.Build.0 = Debug|Any CPU
		{B6D8BBCE-2AE9-4B9D-900D-176FA5D2BC8B}.Release|Any CPU.ActiveCfg = Release|Any CPU
		{B6D8BBCE-2AE9-4B9D-900D-176FA5D2BC8B}.Release|Any CPU.Build.0 = Release|Any CPU
		{ABADD52A-0CFE-4E2C-AA3E-754890D67A46}.Debug|Any CPU.ActiveCfg = Debug|Any CPU
		{ABADD52A-0CFE-4E2C-AA3E-754890D67A46}.Debug|Any CPU.Build.0 = Debug|Any CPU
		{ABADD52A-0CFE-4E2C-AA3E-754890D67A46}.Release|Any CPU.ActiveCfg = Release|Any CPU
		{ABADD52A-0CFE-4E2C-AA3E-754890D67A46}.Release|Any CPU.Build.0 = Release|Any CPU
		{B3F827F4-AF8B-4CC3-AC69-4A866A747FB4}.Debug|Any CPU.ActiveCfg = Debug|Any CPU
		{B3F827F4-AF8B-4CC3-AC69-4A866A747FB4}.Debug|Any CPU.Build.0 = Debug|Any CPU
		{B3F827F4-AF8B-4CC3-AC69-4A866A747FB4}.Release|Any CPU.ActiveCfg = Release|Any CPU
		{B3F827F4-AF8B-4CC3-AC69-4A866A747FB4}.Release|Any CPU.Build.0 = Release|Any CPU
	EndGlobalSection
	GlobalSection(SolutionProperties) = preSolution
		HideSolutionNode = FALSE
	EndGlobalSection
EndGlobal
